
Microsoft Visual Studio Solution File, Format Version 12.00
# Visual Studio Version 17
VisualStudioVersion = 17.9.34728.123
MinimumVisualStudioVersion = 10.0.40219.1
Project("{9A19103F-16F7-4668-BE54-9A1E7A4F7556}") = "NewTalents", "NewTalents\NewTalents.csproj", "{E2F8719A-D4F7-4BE1-A434-A6BFC70C6C8B}"
EndProject
Project("{FAE04EC0-301F-11D3-BF4B-00C04F79EFBC}") = "TesteNewTalents", "TesteNewTalents\TesteNewTalents.csproj", "{D7F2F1E7-D63D-4D96-8882-77F126F8F054}"
EndProject
Global
	GlobalSection(SolutionConfigurationPlatforms) = preSolution
		Debug|Any CPU = Debug|Any CPU
		Release|Any CPU = Release|Any CPU
	EndGlobalSection
	GlobalSection(ProjectConfigurationPlatforms) = postSolution
		{E2F8719A-D4F7-4BE1-A434-A6BFC70C6C8B}.Debug|Any CPU.ActiveCfg = Debug|Any CPU
		{E2F8719A-D4F7-4BE1-A434-A6BFC70C6C8B}.Debug|Any CPU.Build.0 = Debug|Any CPU
		{E2F8719A-D4F7-4BE1-A434-A6BFC70C6C8B}.Release|Any CPU.ActiveCfg = Release|Any CPU
		{E2F8719A-D4F7-4BE1-A434-A6BFC70C6C8B}.Release|Any CPU.Build.0 = Release|Any CPU
		{D7F2F1E7-D63D-4D96-8882-77F126F8F054}.Debug|Any CPU.ActiveCfg = Debug|Any CPU
		{D7F2F1E7-D63D-4D96-8882-77F126F8F054}.Debug|Any CPU.Build.0 = Debug|Any CPU
		{D7F2F1E7-D63D-4D96-8882-77F126F8F054}.Release|Any CPU.ActiveCfg = Release|Any CPU
		{D7F2F1E7-D63D-4D96-8882-77F126F8F054}.Release|Any CPU.Build.0 = Release|Any CPU
	EndGlobalSection
	GlobalSection(SolutionProperties) = preSolution
		HideSolutionNode = FALSE
	EndGlobalSection
	GlobalSection(ExtensibilityGlobals) = postSolution
		SolutionGuid = {5861134D-25A2-4D5F-8D03-E4C479190783}
	EndGlobalSection
EndGlobal
